
Microsoft Visual Studio Solution File, Format Version 12.00
# Visual Studio Version 16
VisualStudioVersion = 16.0.31205.134
MinimumVisualStudioVersion = 10.0.40219.1
Project("{FAE04EC0-301F-11D3-BF4B-00C04F79EFBC}") = "SchoolDemo", "SchoolDemo\SchoolDemo.csproj", "{D14C672A-4856-4AF7-9247-E9CE7F0014A5}"
EndProject
Global
	GlobalSection(SolutionConfigurationPlatforms) = preSolution
		Debug|Any CPU = Debug|Any CPU
		Release|Any CPU = Release|Any CPU
	EndGlobalSection
	GlobalSection(ProjectConfigurationPlatforms) = postSolution
		{D14C672A-4856-4AF7-9247-E9CE7F0014A5}.Debug|Any CPU.ActiveCfg = Debug|Any CPU
		{D14C672A-4856-4AF7-9247-E9CE7F0014A5}.Debug|Any CPU.Build.0 = Debug|Any CPU
		{D14C672A-4856-4AF7-9247-E9CE7F0014A5}.Release|Any CPU.ActiveCfg = Release|Any CPU
		{D14C672A-4856-4AF7-9247-E9CE7F0014A5}.Release|Any CPU.Build.0 = Release|Any CPU
	EndGlobalSection
	GlobalSection(SolutionProperties) = preSolution
		HideSolutionNode = FALSE
	EndGlobalSection
	GlobalSection(ExtensibilityGlobals) = postSolution
		SolutionGuid = {0A214993-6D28-418F-B1D4-0ECCF3E4E3B9}
	EndGlobalSection
EndGlobal
